
Microsoft Visual Studio Solution File, Format Version 12.00
# Visual Studio Version 16
VisualStudioVersion = 16.0.29411.138
MinimumVisualStudioVersion = 10.0.40219.1
Project("{9A19103F-16F7-4668-BE54-9A1E7A4F7556}") = "Dazinator.AspNetCore.Authorization", "Dazinator.AspNetCore.Authorization\Dazinator.AspNetCore.Authorization.csproj", "{378E44D9-B999-4047-BE3D-3A734922215B}"
EndProject
Project("{FAE04EC0-301F-11D3-BF4B-00C04F79EFBC}") = "Dazinator.AspNetCore.Authorization.Tests", "Dazinator.AspNetCore.Authorization.Tests\Dazinator.AspNetCore.Authorization.Tests.csproj", "{69551371-3676-4BE8-B7E9-A5F925A345B8}"
EndProject
Project("{2150E333-8FDC-42A3-9474-1A3956D46DE8}") = "Solution Items", "Solution Items", "{4F907792-BFF7-4FA2-A3DE-4B8A9773BFDA}"
	ProjectSection(SolutionItems) = preProject
		..\appveyor.yml = ..\appveyor.yml
		..\azure-pipelines.yml = ..\azure-pipelines.yml
		global.json = global.json
		..\README.md = ..\README.md
	EndProjectSection
EndProject
Project("{FAE04EC0-301F-11D3-BF4B-00C04F79EFBC}") = "Dazinator.AspNetCore.Authorization.Caching", "Dazinator.AspNetCore.Authorization.Caching\Dazinator.AspNetCore.Authorization.Caching.csproj", "{CFD383AC-F21F-4DAD-929B-DA9B6124B5E8}"
EndProject
Global
	GlobalSection(SolutionConfigurationPlatforms) = preSolution
		Debug|Any CPU = Debug|Any CPU
		Release|Any CPU = Release|Any CPU
	EndGlobalSection
	GlobalSection(ProjectConfigurationPlatforms) = postSolution
		{378E44D9-B999-4047-BE3D-3A734922215B}.Debug|Any CPU.ActiveCfg = Debug|Any CPU
		{378E44D9-B999-4047-BE3D-3A734922215B}.Debug|Any CPU.Build.0 = Debug|Any CPU
		{378E44D9-B999-4047-BE3D-3A734922215B}.Release|Any CPU.ActiveCfg = Release|Any CPU
		{378E44D9-B999-4047-BE3D-3A734922215B}.Release|Any CPU.Build.0 = Release|Any CPU
		{69551371-3676-4BE8-B7E9-A5F925A345B8}.Debug|Any CPU.ActiveCfg = Debug|Any CPU
		{69551371-3676-4BE8-B7E9-A5F925A345B8}.Debug|Any CPU.Build.0 = Debug|Any CPU
		{69551371-3676-4BE8-B7E9-A5F925A345B8}.Release|Any CPU.ActiveCfg = Release|Any CPU
		{69551371-3676-4BE8-B7E9-A5F925A345B8}.Release|Any CPU.Build.0 = Release|Any CPU
		{CFD383AC-F21F-4DAD-929B-DA9B6124B5E8}.Debug|Any CPU.ActiveCfg = Debug|Any CPU
		{CFD383AC-F21F-4DAD-929B-DA9B6124B5E8}.Debug|Any CPU.Build.0 = Debug|Any CPU
		{CFD383AC-F21F-4DAD-929B-DA9B6124B5E8}.Release|Any CPU.ActiveCfg = Release|Any CPU
		{CFD383AC-F21F-4DAD-929B-DA9B6124B5E8}.Release|Any CPU.Build.0 = Release|Any CPU
	EndGlobalSection
	GlobalSection(SolutionProperties) = preSolution
		HideSolutionNode = FALSE
	EndGlobalSection
	GlobalSection(ExtensibilityGlobals) = postSolution
		SolutionGuid = {051B0155-185B-44AD-AC08-54BEA3EECD0F}
	EndGlobalSection
EndGlobal
